// !$*UTF8*$!
{
	archiveVersion = 1;
	classes = {
	};
	objectVersion = 50;
	objects = {

/* Begin PBXBuildFile section */
		16D518B133AF1CE5B0E18319 /* Pods_MovieBox_Swift.framework in Frameworks */ = {isa = PBXBuildFile; fileRef = 4ED52D2789C3E5C532766404 /* Pods_MovieBox_Swift.framework */; };
		D75D4D44223834DD009901D4 /* AppDelegate.swift in Sources */ = {isa = PBXBuildFile; fileRef = D75D4D43223834DD009901D4 /* AppDelegate.swift */; };
		D75D4D46223834DD009901D4 /* MovieListViewController.swift in Sources */ = {isa = PBXBuildFile; fileRef = D75D4D45223834DD009901D4 /* MovieListViewController.swift */; };
		D75D4D48223834DD009901D4 /* SearchMovieViewController.swift in Sources */ = {isa = PBXBuildFile; fileRef = D75D4D47223834DD009901D4 /* SearchMovieViewController.swift */; };
		D75D4D4B223834DD009901D4 /* Main.storyboard in Resources */ = {isa = PBXBuildFile; fileRef = D75D4D49223834DD009901D4 /* Main.storyboard */; };
		D75D4D4D223834E1009901D4 /* Assets.xcassets in Resources */ = {isa = PBXBuildFile; fileRef = D75D4D4C223834E1009901D4 /* Assets.xcassets */; };
		D75D4D50223834E1009901D4 /* LaunchScreen.storyboard in Resources */ = {isa = PBXBuildFile; fileRef = D75D4D4E223834E1009901D4 /* LaunchScreen.storyboard */; };
		D75D4D582239143D009901D4 /* Movie.swift in Sources */ = {isa = PBXBuildFile; fileRef = D75D4D572239143D009901D4 /* Movie.swift */; };
		D75D4D5D223917E5009901D4 /* MovieTableViewCell.swift in Sources */ = {isa = PBXBuildFile; fileRef = D75D4D5C223917E5009901D4 /* MovieTableViewCell.swift */; };
		D790C1FC2248F29400FBF64D /* PlaceAnnotation.swift in Sources */ = {isa = PBXBuildFile; fileRef = D790C1FB2248F29400FBF64D /* PlaceAnnotation.swift */; };
		D7A3E57B2239568300399284 /* UIView.swift in Sources */ = {isa = PBXBuildFile; fileRef = D7A3E57A2239568300399284 /* UIView.swift */; };
		D7A3E57F2239772800399284 /* DetailedMovieViewController.swift in Sources */ = {isa = PBXBuildFile; fileRef = D7A3E57E2239772800399284 /* DetailedMovieViewController.swift */; };
		D7C8D2B92243CB460014C3BD /* NearestCinemaViewController.swift in Sources */ = {isa = PBXBuildFile; fileRef = D7C8D2B82243CB460014C3BD /* NearestCinemaViewController.swift */; };
		D7D1B96E2242AC5700529243 /* SaveImage.swift in Sources */ = {isa = PBXBuildFile; fileRef = D7D1B96D2242AC5700529243 /* SaveImage.swift */; };
/* End PBXBuildFile section */

/* Begin PBXFileReference section */
		4ED52D2789C3E5C532766404 /* Pods_MovieBox_Swift.framework */ = {isa = PBXFileReference; explicitFileType = wrapper.framework; includeInIndex = 0; path = Pods_MovieBox_Swift.framework; sourceTree = BUILT_PRODUCTS_DIR; };
		86F3B174E52F27894405C113 /* Pods-MovieBox-Swift.release.xcconfig */ = {isa = PBXFileReference; includeInIndex = 1; lastKnownFileType = text.xcconfig; name = "Pods-MovieBox-Swift.release.xcconfig"; path = "Target Support Files/Pods-MovieBox-Swift/Pods-MovieBox-Swift.release.xcconfig"; sourceTree = "<group>"; };
		9DE6A1943311358DA3BC7983 /* Pods-MovieBox-Swift.debug.xcconfig */ = {isa = PBXFileReference; includeInIndex = 1; lastKnownFileType = text.xcconfig; name = "Pods-MovieBox-Swift.debug.xcconfig"; path = "Target Support Files/Pods-MovieBox-Swift/Pods-MovieBox-Swift.debug.xcconfig"; sourceTree = "<group>"; };
		D75D4D40223834DD009901D4 /* MovieBox-Swift.app */ = {isa = PBXFileReference; explicitFileType = wrapper.application; includeInIndex = 0; path = "MovieBox-Swift.app"; sourceTree = BUILT_PRODUCTS_DIR; };
		D75D4D43223834DD009901D4 /* AppDelegate.swift */ = {isa = PBXFileReference; lastKnownFileType = sourcecode.swift; path = AppDelegate.swift; sourceTree = "<group>"; };
		D75D4D45223834DD009901D4 /* MovieListViewController.swift */ = {isa = PBXFileReference; lastKnownFileType = sourcecode.swift; path = MovieListViewController.swift; sourceTree = "<group>"; };
		D75D4D47223834DD009901D4 /* SearchMovieViewController.swift */ = {isa = PBXFileReference; lastKnownFileType = sourcecode.swift; path = SearchMovieViewController.swift; sourceTree = "<group>"; };
		D75D4D4A223834DD009901D4 /* Base */ = {isa = PBXFileReference; lastKnownFileType = file.storyboard; name = Base; path = Base.lproj/Main.storyboard; sourceTree = "<group>"; };
		D75D4D4C223834E1009901D4 /* Assets.xcassets */ = {isa = PBXFileReference; lastKnownFileType = folder.assetcatalog; path = Assets.xcassets; sourceTree = "<group>"; };
		D75D4D4F223834E1009901D4 /* Base */ = {isa = PBXFileReference; lastKnownFileType = file.storyboard; name = Base; path = Base.lproj/LaunchScreen.storyboard; sourceTree = "<group>"; };
		D75D4D51223834E1009901D4 /* Info.plist */ = {isa = PBXFileReference; lastKnownFileType = text.plist.xml; path = Info.plist; sourceTree = "<group>"; };
		D75D4D572239143D009901D4 /* Movie.swift */ = {isa = PBXFileReference; lastKnownFileType = sourcecode.swift; path = Movie.swift; sourceTree = "<group>"; };
		D75D4D5C223917E5009901D4 /* MovieTableViewCell.swift */ = {isa = PBXFileReference; lastKnownFileType = sourcecode.swift; path = MovieTableViewCell.swift; sourceTree = "<group>"; };
		D790C1FB2248F29400FBF64D /* PlaceAnnotation.swift */ = {isa = PBXFileReference; fileEncoding = 4; lastKnownFileType = sourcecode.swift; path = PlaceAnnotation.swift; sourceTree = "<group>"; };
		D7A3E57A2239568300399284 /* UIView.swift */ = {isa = PBXFileReference; lastKnownFileType = sourcecode.swift; path = UIView.swift; sourceTree = "<group>"; };
		D7A3E57E2239772800399284 /* DetailedMovieViewController.swift */ = {isa = PBXFileReference; lastKnownFileType = sourcecode.swift; path = DetailedMovieViewController.swift; sourceTree = "<group>"; };
		D7C8D2B82243CB460014C3BD /* NearestCinemaViewController.swift */ = {isa = PBXFileReference; lastKnownFileType = sourcecode.swift; path = NearestCinemaViewController.swift; sourceTree = "<group>"; };
		D7D1B96D2242AC5700529243 /* SaveImage.swift */ = {isa = PBXFileReference; lastKnownFileType = sourcecode.swift; path = SaveImage.swift; sourceTree = "<group>"; };
/* End PBXFileReference section */

/* Begin PBXFrameworksBuildPhase section */
		D75D4D3D223834DD009901D4 /* Frameworks */ = {
			isa = PBXFrameworksBuildPhase;
			buildActionMask = 2147483647;
			files = (
				16D518B133AF1CE5B0E18319 /* Pods_MovieBox_Swift.framework in Frameworks */,
			);
			runOnlyForDeploymentPostprocessing = 0;
		};
/* End PBXFrameworksBuildPhase section */

/* Begin PBXGroup section */
		30C447EB4A3175C024FF4B9D /* Frameworks */ = {
			isa = PBXGroup;
			children = (
				4ED52D2789C3E5C532766404 /* Pods_MovieBox_Swift.framework */,
			);
			name = Frameworks;
			sourceTree = "<group>";
		};
		D75D4D37223834DD009901D4 = {
			isa = PBXGroup;
			children = (
				D75D4D42223834DD009901D4 /* MovieBox-Swift */,
				D75D4D41223834DD009901D4 /* Products */,
				F8CD359922E253880BC0093C /* Pods */,
				30C447EB4A3175C024FF4B9D /* Frameworks */,
			);
			sourceTree = "<group>";
		};
		D75D4D41223834DD009901D4 /* Products */ = {
			isa = PBXGroup;
			children = (
				D75D4D40223834DD009901D4 /* MovieBox-Swift.app */,
			);
			name = Products;
			sourceTree = "<group>";
		};
		D75D4D42223834DD009901D4 /* MovieBox-Swift */ = {
			isa = PBXGroup;
			children = (
				D75D4D43223834DD009901D4 /* AppDelegate.swift */,
				D75D4D5B2239163D009901D4 /* Controllers */,
				D75D4D5A22391637009901D4 /* Views */,
				D75D4D592239162F009901D4 /* Models */,
				D75D4D49223834DD009901D4 /* Main.storyboard */,
				D75D4D4C223834E1009901D4 /* Assets.xcassets */,
				D75D4D4E223834E1009901D4 /* LaunchScreen.storyboard */,
				D75D4D51223834E1009901D4 /* Info.plist */,
			);
			path = "MovieBox-Swift";
			sourceTree = "<group>";
		};
		D75D4D592239162F009901D4 /* Models */ = {
			isa = PBXGroup;
			children = (
				D75D4D572239143D009901D4 /* Movie.swift */,
				D790C1FB2248F29400FBF64D /* PlaceAnnotation.swift */,
				D7D1B96D2242AC5700529243 /* SaveImage.swift */,
			);
			path = Models;
			sourceTree = "<group>";
		};
		D75D4D5A22391637009901D4 /* Views */ = {
			isa = PBXGroup;
			children = (
				D75D4D5C223917E5009901D4 /* MovieTableViewCell.swift */,
				D7A3E57A2239568300399284 /* UIView.swift */,
			);
			path = Views;
			sourceTree = "<group>";
		};
		D75D4D5B2239163D009901D4 /* Controllers */ = {
			isa = PBXGroup;
			children = (
				D7A3E57E2239772800399284 /* DetailedMovieViewController.swift */,
				D75D4D45223834DD009901D4 /* MovieListViewController.swift */,
				D75D4D47223834DD009901D4 /* SearchMovieViewController.swift */,
				D7C8D2B82243CB460014C3BD /* NearestCinemaViewController.swift */,
			);
			path = Controllers;
			sourceTree = "<group>";
		};
		F8CD359922E253880BC0093C /* Pods */ = {
			isa = PBXGroup;
			children = (
				9DE6A1943311358DA3BC7983 /* Pods-MovieBox-Swift.debug.xcconfig */,
				86F3B174E52F27894405C113 /* Pods-MovieBox-Swift.release.xcconfig */,
			);
			path = Pods;
			sourceTree = "<group>";
		};
/* End PBXGroup section */

/* Begin PBXNativeTarget section */
		D75D4D3F223834DD009901D4 /* MovieBox-Swift */ = {
			isa = PBXNativeTarget;
			buildConfigurationList = D75D4D54223834E1009901D4 /* Build configuration list for PBXNativeTarget "MovieBox-Swift" */;
			buildPhases = (
				B4EB973FFD488B50ACC180B6 /* [CP] Check Pods Manifest.lock */,
				D75D4D3C223834DD009901D4 /* Sources */,
				D75D4D3D223834DD009901D4 /* Frameworks */,
				D75D4D3E223834DD009901D4 /* Resources */,
				FC0E5CAE484C5848054B6AFD /* [CP] Embed Pods Frameworks */,
			);
			buildRules = (
			);
			dependencies = (
			);
			name = "MovieBox-Swift";
			productName = "MovieBox-Swift";
			productReference = D75D4D40223834DD009901D4 /* MovieBox-Swift.app */;
			productType = "com.apple.product-type.application";
		};
/* End PBXNativeTarget section */

/* Begin PBXProject section */
		D75D4D38223834DD009901D4 /* Project object */ = {
			isa = PBXProject;
			attributes = {
				LastSwiftUpdateCheck = 1010;
				LastUpgradeCheck = 1010;
				ORGANIZATIONNAME = se.Benjamin.Aronsson;
				TargetAttributes = {
					D75D4D3F223834DD009901D4 = {
						CreatedOnToolsVersion = 10.1;
					};
				};
			};
			buildConfigurationList = D75D4D3B223834DD009901D4 /* Build configuration list for PBXProject "MovieBox-Swift" */;
			compatibilityVersion = "Xcode 9.3";
			developmentRegion = en;
			hasScannedForEncodings = 0;
			knownRegions = (
				en,
				Base,
			);
			mainGroup = D75D4D37223834DD009901D4;
			productRefGroup = D75D4D41223834DD009901D4 /* Products */;
			projectDirPath = "";
			projectRoot = "";
			targets = (
				D75D4D3F223834DD009901D4 /* MovieBox-Swift */,
			);
		};
/* End PBXProject section */

/* Begin PBXResourcesBuildPhase section */
		D75D4D3E223834DD009901D4 /* Resources */ = {
			isa = PBXResourcesBuildPhase;
			buildActionMask = 2147483647;
			files = (
				D75D4D50223834E1009901D4 /* LaunchScreen.storyboard in Resources */,
				D75D4D4D223834E1009901D4 /* Assets.xcassets in Resources */,
				D75D4D4B223834DD009901D4 /* Main.storyboard in Resources */,
			);
			runOnlyForDeploymentPostprocessing = 0;
		};
/* End PBXResourcesBuildPhase section */

/* Begin PBXShellScriptBuildPhase section */
		B4EB973FFD488B50ACC180B6 /* [CP] Check Pods Manifest.lock */ = {
			isa = PBXShellScriptBuildPhase;
			buildActionMask = 2147483647;
			files = (
			);
			inputFileListPaths = (
			);
			inputPaths = (
				"${PODS_PODFILE_DIR_PATH}/Podfile.lock",
				"${PODS_ROOT}/Manifest.lock",
			);
			name = "[CP] Check Pods Manifest.lock";
			outputFileListPaths = (
			);
			outputPaths = (
				"$(DERIVED_FILE_DIR)/Pods-MovieBox-Swift-checkManifestLockResult.txt",
			);
			runOnlyForDeploymentPostprocessing = 0;
			shellPath = /bin/sh;
			shellScript = "diff \"${PODS_PODFILE_DIR_PATH}/Podfile.lock\" \"${PODS_ROOT}/Manifest.lock\" > /dev/null\nif [ $? != 0 ] ; then\n    # print error to STDERR\n    echo \"error: The sandbox is not in sync with the Podfile.lock. Run 'pod install' or update your CocoaPods installation.\" >&2\n    exit 1\nfi\n# This output is used by Xcode 'outputs' to avoid re-running this script phase.\necho \"SUCCESS\" > \"${SCRIPT_OUTPUT_FILE_0}\"\n";
			showEnvVarsInLog = 0;
		};
		FC0E5CAE484C5848054B6AFD /* [CP] Embed Pods Frameworks */ = {
			isa = PBXShellScriptBuildPhase;
			buildActionMask = 2147483647;
			files = (
			);
			inputFileListPaths = (
			);
			inputPaths = (
				"${PODS_ROOT}/Target Support Files/Pods-MovieBox-Swift/Pods-MovieBox-Swift-frameworks.sh",
				"${BUILT_PRODUCTS_DIR}/Alamofire/Alamofire.framework",
				"${BUILT_PRODUCTS_DIR}/ImageLoader/ImageLoader.framework",
				"${BUILT_PRODUCTS_DIR}/Realm/Realm.framework",
				"${BUILT_PRODUCTS_DIR}/RealmSwift/RealmSwift.framework",
				"${BUILT_PRODUCTS_DIR}/STRatingControl/STRatingControl.framework",
				"${BUILT_PRODUCTS_DIR}/SVProgressHUD/SVProgressHUD.framework",
				"${BUILT_PRODUCTS_DIR}/SwiftyJSON/SwiftyJSON.framework",
				"${BUILT_PRODUCTS_DIR}/SwipeCellKit/SwipeCellKit.framework",
			);
			name = "[CP] Embed Pods Frameworks";
			outputFileListPaths = (
			);
			outputPaths = (
				"${TARGET_BUILD_DIR}/${FRAMEWORKS_FOLDER_PATH}/Alamofire.framework",
				"${TARGET_BUILD_DIR}/${FRAMEWORKS_FOLDER_PATH}/ImageLoader.framework",
				"${TARGET_BUILD_DIR}/${FRAMEWORKS_FOLDER_PATH}/Realm.framework",
				"${TARGET_BUILD_DIR}/${FRAMEWORKS_FOLDER_PATH}/RealmSwift.framework",
				"${TARGET_BUILD_DIR}/${FRAMEWORKS_FOLDER_PATH}/STRatingControl.framework",
				"${TARGET_BUILD_DIR}/${FRAMEWORKS_FOLDER_PATH}/SVProgressHUD.framework",
				"${TARGET_BUILD_DIR}/${FRAMEWORKS_FOLDER_PATH}/SwiftyJSON.framework",
				"${TARGET_BUILD_DIR}/${FRAMEWORKS_FOLDER_PATH}/SwipeCellKit.framework",
			);
			runOnlyForDeploymentPostprocessing = 0;
			shellPath = /bin/sh;
			shellScript = "\"${PODS_ROOT}/Target Support Files/Pods-MovieBox-Swift/Pods-MovieBox-Swift-frameworks.sh\"\n";
			showEnvVarsInLog = 0;
		};
/* End PBXShellScriptBuildPhase section */

/* Begin PBXSourcesBuildPhase section */
		D75D4D3C223834DD009901D4 /* Sources */ = {
			isa = PBXSourcesBuildPhase;
			buildActionMask = 2147483647;
			files = (
				D75D4D5D223917E5009901D4 /* MovieTableViewCell.swift in Sources */,
				D75D4D48223834DD009901D4 /* SearchMovieViewController.swift in Sources */,
				D790C1FC2248F29400FBF64D /* PlaceAnnotation.swift in Sources */,
				D75D4D44223834DD009901D4 /* AppDelegate.swift in Sources */,
				D75D4D582239143D009901D4 /* Movie.swift in Sources */,
				D7A3E57B2239568300399284 /* UIView.swift in Sources */,
				D7A3E57F2239772800399284 /* DetailedMovieViewController.swift in Sources */,
				D7C8D2B92243CB460014C3BD /* NearestCinemaViewController.swift in Sources */,
				D7D1B96E2242AC5700529243 /* SaveImage.swift in Sources */,
				D75D4D46223834DD009901D4 /* MovieListViewController.swift in Sources */,
			);
			runOnlyForDeploymentPostprocessing = 0;
		};
/* End PBXSourcesBuildPhase section */

/* Begin PBXVariantGroup section */
		D75D4D49223834DD009901D4 /* Main.storyboard */ = {
			isa = PBXVariantGroup;
			children = (
				D75D4D4A223834DD009901D4 /* Base */,
			);
			name = Main.storyboard;
			sourceTree = "<group>";
		};
		D75D4D4E223834E1009901D4 /* LaunchScreen.storyboard */ = {
			isa = PBXVariantGroup;
			children = (
				D75D4D4F223834E1009901D4 /* Base */,
			);
			name = LaunchScreen.storyboard;
			sourceTree = "<group>";
		};
/* End PBXVariantGroup section */

/* Begin XCBuildConfiguration section */
		D75D4D52223834E1009901D4 /* Debug */ = {
			isa = XCBuildConfiguration;
			buildSettings = {
				ALWAYS_SEARCH_USER_PATHS = NO;
				CLANG_ANALYZER_NONNULL = YES;
				CLANG_ANALYZER_NUMBER_OBJECT_CONVERSION = YES_AGGRESSIVE;
				CLANG_CXX_LANGUAGE_STANDARD = "gnu++14";
				CLANG_CXX_LIBRARY = "libc++";
				CLANG_ENABLE_MODULES = YES;
				CLANG_ENABLE_OBJC_ARC = YES;
				CLANG_ENABLE_OBJC_WEAK = YES;
				CLANG_WARN_BLOCK_CAPTURE_AUTORELEASING = YES;
				CLANG_WARN_BOOL_CONVERSION = YES;
				CLANG_WARN_COMMA = YES;
				CLANG_WARN_CONSTANT_CONVERSION = YES;
				CLANG_WARN_DEPRECATED_OBJC_IMPLEMENTATIONS = YES;
				CLANG_WARN_DIRECT_OBJC_ISA_USAGE = YES_ERROR;
				CLANG_WARN_DOCUMENTATION_COMMENTS = YES;
				CLANG_WARN_EMPTY_BODY = YES;
				CLANG_WARN_ENUM_CONVERSION = YES;
				CLANG_WARN_INFINITE_RECURSION = YES;
				CLANG_WARN_INT_CONVERSION = YES;
				CLANG_WARN_NON_LITERAL_NULL_CONVERSION = YES;
				CLANG_WARN_OBJC_IMPLICIT_RETAIN_SELF = YES;
				CLANG_WARN_OBJC_LITERAL_CONVERSION = YES;
				CLANG_WARN_OBJC_ROOT_CLASS = YES_ERROR;
				CLANG_WARN_RANGE_LOOP_ANALYSIS = YES;
				CLANG_WARN_STRICT_PROTOTYPES = YES;
				CLANG_WARN_SUSPICIOUS_MOVE = YES;
				CLANG_WARN_UNGUARDED_AVAILABILITY = YES_AGGRESSIVE;
				CLANG_WARN_UNREACHABLE_CODE = YES;
				CLANG_WARN__DUPLICATE_METHOD_MATCH = YES;
				CODE_SIGN_IDENTITY = "iPhone Developer";
				COPY_PHASE_STRIP = NO;
				DEBUG_INFORMATION_FORMAT = dwarf;
				ENABLE_STRICT_OBJC_MSGSEND = YES;
				ENABLE_TESTABILITY = YES;
				GCC_C_LANGUAGE_STANDARD = gnu11;
				GCC_DYNAMIC_NO_PIC = NO;
				GCC_NO_COMMON_BLOCKS = YES;
				GCC_OPTIMIZATION_LEVEL = 0;
				GCC_PREPROCESSOR_DEFINITIONS = (
					"DEBUG=1",
					"$(inherited)",
				);
				GCC_WARN_64_TO_32_BIT_CONVERSION = YES;
				GCC_WARN_ABOUT_RETURN_TYPE = YES_ERROR;
				GCC_WARN_UNDECLARED_SELECTOR = YES;
				GCC_WARN_UNINITIALIZED_AUTOS = YES_AGGRESSIVE;
				GCC_WARN_UNUSED_FUNCTION = YES;
				GCC_WARN_UNUSED_VARIABLE = YES;
				IPHONEOS_DEPLOYMENT_TARGET = 12.1;
				MTL_ENABLE_DEBUG_INFO = INCLUDE_SOURCE;
				MTL_FAST_MATH = YES;
				ONLY_ACTIVE_ARCH = YES;
				SDKROOT = iphoneos;
				SWIFT_ACTIVE_COMPILATION_CONDITIONS = DEBUG;
				SWIFT_OPTIMIZATION_LEVEL = "-Onone";
			};
			name = Debug;
		};
		D75D4D53223834E1009901D4 /* Release */ = {
			isa = XCBuildConfiguration;
			buildSettings = {
				ALWAYS_SEARCH_USER_PATHS = NO;
				CLANG_ANALYZER_NONNULL = YES;
				CLANG_ANALYZER_NUMBER_OBJECT_CONVERSION = YES_AGGRESSIVE;
				CLANG_CXX_LANGUAGE_STANDARD = "gnu++14";
				CLANG_CXX_LIBRARY = "libc++";
				CLANG_ENABLE_MODULES = YES;
				CLANG_ENABLE_OBJC_ARC = YES;
				CLANG_ENABLE_OBJC_WEAK = YES;
				CLANG_WARN_BLOCK_CAPTURE_AUTORELEASING = YES;
				CLANG_WARN_BOOL_CONVERSION = YES;
				CLANG_WARN_COMMA = YES;
				CLANG_WARN_CONSTANT_CONVERSION = YES;
				CLANG_WARN_DEPRECATED_OBJC_IMPLEMENTATIONS = YES;
				CLANG_WARN_DIRECT_OBJC_ISA_USAGE = YES_ERROR;
				CLANG_WARN_DOCUMENTATION_COMMENTS = YES;
				CLANG_WARN_EMPTY_BODY = YES;
				CLANG_WARN_ENUM_CONVERSION = YES;
				CLANG_WARN_INFINITE_RECURSION = YES;
				CLANG_WARN_INT_CONVERSION = YES;
				CLANG_WARN_NON_LITERAL_NULL_CONVERSION = YES;
				CLANG_WARN_OBJC_IMPLICIT_RETAIN_SELF = YES;
				CLANG_WARN_OBJC_LITERAL_CONVERSION = YES;
				CLANG_WARN_OBJC_ROOT_CLASS = YES_ERROR;
				CLANG_WARN_RANGE_LOOP_ANALYSIS = YES;
				CLANG_WARN_STRICT_PROTOTYPES = YES;
				CLANG_WARN_SUSPICIOUS_MOVE = YES;
				CLANG_WARN_UNGUARDED_AVAILABILITY = YES_AGGRESSIVE;
				CLANG_WARN_UNREACHABLE_CODE = YES;
				CLANG_WARN__DUPLICATE_METHOD_MATCH = YES;
				CODE_SIGN_IDENTITY = "iPhone Developer";
				COPY_PHASE_STRIP = NO;
				DEBUG_INFORMATION_FORMAT = "dwarf-with-dsym";
				ENABLE_NS_ASSERTIONS = NO;
				ENABLE_STRICT_OBJC_MSGSEND = YES;
				GCC_C_LANGUAGE_STANDARD = gnu11;
				GCC_NO_COMMON_BLOCKS = YES;
				GCC_WARN_64_TO_32_BIT_CONVERSION = YES;
				GCC_WARN_ABOUT_RETURN_TYPE = YES_ERROR;
				GCC_WARN_UNDECLARED_SELECTOR = YES;
				GCC_WARN_UNINITIALIZED_AUTOS = YES_AGGRESSIVE;
				GCC_WARN_UNUSED_FUNCTION = YES;
				GCC_WARN_UNUSED_VARIABLE = YES;
				IPHONEOS_DEPLOYMENT_TARGET = 12.1;
				MTL_ENABLE_DEBUG_INFO = NO;
				MTL_FAST_MATH = YES;
				SDKROOT = iphoneos;
				SWIFT_COMPILATION_MODE = wholemodule;
				SWIFT_OPTIMIZATION_LEVEL = "-O";
				VALIDATE_PRODUCT = YES;
			};
			name = Release;
		};
		D75D4D55223834E1009901D4 /* Debug */ = {
			isa = XCBuildConfiguration;
			baseConfigurationReference = 9DE6A1943311358DA3BC7983 /* Pods-MovieBox-Swift.debug.xcconfig */;
			buildSettings = {
				ASSETCATALOG_COMPILER_APPICON_NAME = AppIcon;
				CODE_SIGN_STYLE = Automatic;
				DEVELOPMENT_TEAM = 78UHQXFKHW;
				INFOPLIST_FILE = "MovieBox-Swift/Info.plist";
				LD_RUNPATH_SEARCH_PATHS = (
					"$(inherited)",
					"@executable_path/Frameworks",
				);
				PRODUCT_BUNDLE_IDENTIFIER = "BA.MovieBox-Swift";
				PRODUCT_NAME = "$(TARGET_NAME)";
				SWIFT_VERSION = 4.2;
				TARGETED_DEVICE_FAMILY = "1,2";
			};
			name = Debug;
		};
		D75D4D56223834E1009901D4 /* Release */ = {
			isa = XCBuildConfiguration;
			baseConfigurationReference = 86F3B174E52F27894405C113 /* Pods-MovieBox-Swift.release.xcconfig */;
			buildSettings = {
				ASSETCATALOG_COMPILER_APPICON_NAME = AppIcon;
				CODE_SIGN_STYLE = Automatic;
				DEVELOPMENT_TEAM = 78UHQXFKHW;
				INFOPLIST_FILE = "MovieBox-Swift/Info.plist";
				LD_RUNPATH_SEARCH_PATHS = (
					"$(inherited)",
					"@executable_path/Frameworks",
				);
				PRODUCT_BUNDLE_IDENTIFIER = "BA.MovieBox-Swift";
				PRODUCT_NAME = "$(TARGET_NAME)";
				SWIFT_VERSION = 4.2;
				TARGETED_DEVICE_FAMILY = "1,2";
			};
			name = Release;
		};
/* End XCBuildConfiguration section */

/* Begin XCConfigurationList section */
		D75D4D3B223834DD009901D4 /* Build configuration list for PBXProject "MovieBox-Swift" */ = {
			isa = XCConfigurationList;
			buildConfigurations = (
				D75D4D52223834E1009901D4 /* Debug */,
				D75D4D53223834E1009901D4 /* Release */,
			);
			defaultConfigurationIsVisible = 0;
			defaultConfigurationName = Release;
		};
		D75D4D54223834E1009901D4 /* Build configuration list for PBXNativeTarget "MovieBox-Swift" */ = {
			isa = XCConfigurationList;
			buildConfigurations = (
				D75D4D55223834E1009901D4 /* Debug */,
				D75D4D56223834E1009901D4 /* Release */,
			);
			defaultConfigurationIsVisible = 0;
			defaultConfigurationName = Release;
		};
/* End XCConfigurationList section */
	};
	rootObject = D75D4D38223834DD009901D4 /* Project object */;
}
